Microsoft Visual Studio Solution File, Format Version 12.00
# Visual Studio Version 17
VisualStudioVersion = 17.5.2.0
MinimumVisualStudioVersion = 10.0.40219.1
Project("{FAE04EC0-301F-11D3-BF4B-00C04F79EFBC}") = "05-Interface", "05-Interface.csproj", "{82BA450A-F22A-94CE-CF28-6570E5AE290F}"
EndProject
Global
	GlobalSection(SolutionConfigurationPlatforms) = preSolution
		Debug|Any CPU = Debug|Any CPU
		Release|Any CPU = Release|Any CPU
	EndGlobalSection
	GlobalSection(ProjectConfigurationPlatforms) = postSolution
		{82BA450A-F22A-94CE-CF28-6570E5AE290F}.Debug|Any CPU.ActiveCfg = Debug|Any CPU
		{82BA450A-F22A-94CE-CF28-6570E5AE290F}.Debug|Any CPU.Build.0 = Debug|Any CPU
		{82BA450A-F22A-94CE-CF28-6570E5AE290F}.Release|Any CPU.ActiveCfg = Release|Any CPU
		{82BA450A-F22A-94CE-CF28-6570E5AE290F}.Release|Any CPU.Build.0 = Release|Any CPU
	EndGlobalSection
	GlobalSection(SolutionProperties) = preSolution
		HideSolutionNode = FALSE
	EndGlobalSection
	GlobalSection(ExtensibilityGlobals) = postSolution
		SolutionGuid = {36C58514-BBEF-43D0-9623-CD35604CEB93}
	EndGlobalSection
EndGlobal
